// !$*UTF8*$!
{
	archiveVersion = 1;
	classes = {
	};
	objectVersion = 46;
	objects = {

/* Begin PBXBuildFile section */
		D3C7C082148C48D400EA2790 /* UIKit.framework in Frameworks */ = {isa = PBXBuildFile; fileRef = D3C7C081148C48D400EA2790 /* UIKit.framework */; };
		D3C7C084148C48D400EA2790 /* Foundation.framework in Frameworks */ = {isa = PBXBuildFile; fileRef = D3C7C083148C48D400EA2790 /* Foundation.framework */; };
		D3C7C086148C48D400EA2790 /* CoreGraphics.framework in Frameworks */ = {isa = PBXBuildFile; fileRef = D3C7C085148C48D400EA2790 /* CoreGraphics.framework */; };
		D3C7C08C148C48D400EA2790 /* InfoPlist.strings in Resources */ = {isa = PBXBuildFile; fileRef = D3C7C08A148C48D400EA2790 /* InfoPlist.strings */; };
		D3C7C08E148C48D400EA2790 /* main.m in Sources */ = {isa = PBXBuildFile; fileRef = D3C7C08D148C48D400EA2790 /* main.m */; };
		D3C7C092148C48D400EA2790 /* AppDelegate.m in Sources */ = {isa = PBXBuildFile; fileRef = D3C7C091148C48D400EA2790 /* AppDelegate.m */; };
		D3C7C095148C48D400EA2790 /* MainStoryboard.storyboard in Resources */ = {isa = PBXBuildFile; fileRef = D3C7C093148C48D400EA2790 /* MainStoryboard.storyboard */; };
		D3C7C098148C48D400EA2790 /* FirstViewController.m in Sources */ = {isa = PBXBuildFile; fileRef = D3C7C097148C48D400EA2790 /* FirstViewController.m */; };
		D3C7C09A148C48D400EA2790 /* first.png in Resources */ = {isa = PBXBuildFile; fileRef = D3C7C099148C48D400EA2790 /* first.png */; };
		D3C7C09C148C48D400EA2790 /* first@2x.png in Resources */ = {isa = PBXBuildFile; fileRef = D3C7C09B148C48D400EA2790 /* first@2x.png */; };
		D3C7C09F148C48D400EA2790 /* SecondViewController.m in Sources */ = {isa = PBXBuildFile; fileRef = D3C7C09E148C48D400EA2790 /* SecondViewController.m */; };
		D3C7C0A1148C48D400EA2790 /* second.png in Resources */ = {isa = PBXBuildFile; fileRef = D3C7C0A0148C48D400EA2790 /* second.png */; };
		D3C7C0A3148C48D400EA2790 /* second@2x.png in Resources */ = {isa = PBXBuildFile; fileRef = D3C7C0A2148C48D400EA2790 /* second@2x.png */; };
		D3C7C0AF148C881200EA2790 /* BaseViewController.m in Sources */ = {isa = PBXBuildFile; fileRef = D3C7C0AE148C881200EA2790 /* BaseViewController.m */; };
		D3C7C0B3148C95FA00EA2790 /* cameraTabBarItem.png in Resources */ = {isa = PBXBuildFile; fileRef = D3C7C0B2148C95FA00EA2790 /* cameraTabBarItem.png */; };
/* End PBXBuildFile section */

/* Begin PBXFileReference section */
		D3C7C07D148C48D400EA2790 /* Amal.app */ = {isa = PBXFileReference; explicitFileType = wrapper.application; includeInIndex = 0; path = Amal.app; sourceTree = BUILT_PRODUCTS_DIR; };
		D3C7C081148C48D400EA2790 /* UIKit.framework */ = {isa = PBXFileReference; lastKnownFileType = wrapper.framework; name = UIKit.framework; path = System/Library/Frameworks/UIKit.framework; sourceTree = SDKROOT; };
		D3C7C083148C48D400EA2790 /* Foundation.framework */ = {isa = PBXFileReference; lastKnownFileType = wrapper.framework; name = Foundation.framework; path = System/Library/Frameworks/Foundation.framework; sourceTree = SDKROOT; };
		D3C7C085148C48D400EA2790 /* CoreGraphics.framework */ = {isa = PBXFileReference; lastKnownFileType = wrapper.framework; name = CoreGraphics.framework; path = System/Library/Frameworks/CoreGraphics.framework; sourceTree = SDKROOT; };
		D3C7C089148C48D400EA2790 /* Amal-Info.plist */ = {isa = PBXFileReference; lastKnownFileType = text.plist.xml; path = "Amal-Info.plist"; sourceTree = "<group>"; };
		D3C7C08B148C48D400EA2790 /* en */ = {isa = PBXFileReference; lastKnownFileType = text.plist.strings; name = en; path = en.lproj/InfoPlist.strings; sourceTree = "<group>"; };
		D3C7C08D148C48D400EA2790 /* main.m */ = {isa = PBXFileReference; lastKnownFileType = sourcecode.c.objc; path = main.m; sourceTree = "<group>"; };
		D3C7C08F148C48D400EA2790 /* Amal-Prefix.pch */ = {isa = PBXFileReference; lastKnownFileType = sourcecode.c.h; path = "Amal-Prefix.pch"; sourceTree = "<group>"; };
		D3C7C090148C48D400EA2790 /* AppDelegate.h */ = {isa = PBXFileReference; lastKnownFileType = sourcecode.c.h; path = AppDelegate.h; sourceTree = "<group>"; };
		D3C7C091148C48D400EA2790 /* AppDelegate.m */ = {isa = PBXFileReference; lastKnownFileType = sourcecode.c.objc; path = AppDelegate.m; sourceTree = "<group>"; };
		D3C7C094148C48D400EA2790 /* en */ = {isa = PBXFileReference; lastKnownFileType = file.storyboard; name = en; path = en.lproj/MainStoryboard.storyboard; sourceTree = "<group>"; };
		D3C7C096148C48D400EA2790 /* FirstViewController.h */ = {isa = PBXFileReference; lastKnownFileType = sourcecode.c.h; path = FirstViewController.h; sourceTree = "<group>"; };
		D3C7C097148C48D400EA2790 /* FirstViewController.m */ = {isa = PBXFileReference; lastKnownFileType = sourcecode.c.objc; path = FirstViewController.m; sourceTree = "<group>"; };
		D3C7C099148C48D400EA2790 /* first.png */ = {isa = PBXFileReference; lastKnownFileType = image.png; path = first.png; sourceTree = "<group>"; };
		D3C7C09B148C48D400EA2790 /* first@2x.png */ = {isa = PBXFileReference; lastKnownFileType = image.png; path = "first@2x.png"; sourceTree = "<group>"; };
		D3C7C09D148C48D400EA2790 /* SecondViewController.h */ = {isa = PBXFileReference; lastKnownFileType = sourcecode.c.h; path = SecondViewController.h; sourceTree = "<group>"; };
		D3C7C09E148C48D400EA2790 /* SecondViewController.m */ = {isa = PBXFileReference; lastKnownFileType = sourcecode.c.objc; path = SecondViewController.m; sourceTree = "<group>"; };
		D3C7C0A0148C48D400EA2790 /* second.png */ = {isa = PBXFileReference; lastKnownFileType = image.png; path = second.png; sourceTree = "<group>"; };
		D3C7C0A2148C48D400EA2790 /* second@2x.png */ = {isa = PBXFileReference; lastKnownFileType = image.png; path = "second@2x.png"; sourceTree = "<group>"; };
		D3C7C0AD148C881200EA2790 /* BaseViewController.h */ = {isa = PBXFileReference; fileEncoding = 4; lastKnownFileType = sourcecode.c.h; path = BaseViewController.h; sourceTree = "<group>"; };
		D3C7C0AE148C881200EA2790 /* BaseViewController.m */ = {isa = PBXFileReference; fileEncoding = 4; lastKnownFileType = sourcecode.c.objc; path = BaseViewController.m; sourceTree = "<group>"; };
		D3C7C0B2148C95FA00EA2790 /* cameraTabBarItem.png */ = {isa = PBXFileReference; lastKnownFileType = image.png; path = cameraTabBarItem.png; sourceTree = "<group>"; };
/* End PBXFileReference section */

/* Begin PBXFrameworksBuildPhase section */
		D3C7C07A148C48D400EA2790 /* Frameworks */ = {
			isa = PBXFrameworksBuildPhase;
			buildActionMask = 2147483647;
			files = (
				D3C7C082148C48D400EA2790 /* UIKit.framework in Frameworks */,
				D3C7C084148C48D400EA2790 /* Foundation.framework in Frameworks */,
				D3C7C086148C48D400EA2790 /* CoreGraphics.framework in Frameworks */,
			);
			runOnlyForDeploymentPostprocessing = 0;
		};
/* End PBXFrameworksBuildPhase section */

/* Begin PBXGroup section */
		D3C7C072148C48D400EA2790 = {
			isa = PBXGroup;
			children = (
				D3C7C087148C48D400EA2790 /* Amal */,
				D3C7C080148C48D400EA2790 /* Frameworks */,
				D3C7C07E148C48D400EA2790 /* Products */,
			);
			sourceTree = "<group>";
		};
		D3C7C07E148C48D400EA2790 /* Products */ = {
			isa = PBXGroup;
			children = (
				D3C7C07D148C48D400EA2790 /* Amal.app */,
			);
			name = Products;
			sourceTree = "<group>";
		};
		D3C7C080148C48D400EA2790 /* Frameworks */ = {
			isa = PBXGroup;
			children = (
				D3C7C081148C48D400EA2790 /* UIKit.framework */,
				D3C7C083148C48D400EA2790 /* Foundation.framework */,
				D3C7C085148C48D400EA2790 /* CoreGraphics.framework */,
			);
			name = Frameworks;
			sourceTree = "<group>";
		};
		D3C7C087148C48D400EA2790 /* Amal */ = {
			isa = PBXGroup;
			children = (
				D3C7C0B2148C95FA00EA2790 /* cameraTabBarItem.png */,
				D3C7C090148C48D400EA2790 /* AppDelegate.h */,
				D3C7C091148C48D400EA2790 /* AppDelegate.m */,
				D3C7C0AD148C881200EA2790 /* BaseViewController.h */,
				D3C7C0AE148C881200EA2790 /* BaseViewController.m */,
				D3C7C093148C48D400EA2790 /* MainStoryboard.storyboard */,
				D3C7C096148C48D400EA2790 /* FirstViewController.h */,
				D3C7C097148C48D400EA2790 /* FirstViewController.m */,
				D3C7C099148C48D400EA2790 /* first.png */,
				D3C7C09B148C48D400EA2790 /* first@2x.png */,
				D3C7C09D148C48D400EA2790 /* SecondViewController.h */,
				D3C7C09E148C48D400EA2790 /* SecondViewController.m */,
				D3C7C0A0148C48D400EA2790 /* second.png */,
				D3C7C0A2148C48D400EA2790 /* second@2x.png */,
				D3C7C088148C48D400EA2790 /* Supporting Files */,
			);
			path = Amal;
			sourceTree = "<group>";
		};
		D3C7C088148C48D400EA2790 /* Supporting Files */ = {
			isa = PBXGroup;
			children = (
				D3C7C089148C48D400EA2790 /* Amal-Info.plist */,
				D3C7C08A148C48D400EA2790 /* InfoPlist.strings */,
				D3C7C08D148C48D400EA2790 /* main.m */,
				D3C7C08F148C48D400EA2790 /* Amal-Prefix.pch */,
			);
			name = "Supporting Files";
			sourceTree = "<group>";
		};
/* End PBXGroup section */

/* Begin PBXNativeTarget section */
		D3C7C07C148C48D400EA2790 /* Amal */ = {
			isa = PBXNativeTarget;
			buildConfigurationList = D3C7C0A6148C48D400EA2790 /* Build configuration list for PBXNativeTarget "Amal" */;
			buildPhases = (
				D3C7C079148C48D400EA2790 /* Sources */,
				D3C7C07A148C48D400EA2790 /* Frameworks */,
				D3C7C07B148C48D400EA2790 /* Resources */,
			);
			buildRules = (
			);
			dependencies = (
			);
			name = Amal;
			productName = Amal;
			productReference = D3C7C07D148C48D400EA2790 /* Amal.app */;
			productType = "com.apple.product-type.application";
		};
/* End PBXNativeTarget section */

/* Begin PBXProject section */
		D3C7C074148C48D400EA2790 /* Project object */ = {
			isa = PBXProject;
			attributes = {
				LastUpgradeCheck = 0420;
				ORGANIZATIONNAME = "Experience Garage";
			};
			buildConfigurationList = D3C7C077148C48D400EA2790 /* Build configuration list for PBXProject "Amal" */;
			compatibilityVersion = "Xcode 3.2";
			developmentRegion = English;
			hasScannedForEncodings = 0;
			knownRegions = (
				en,
			);
			mainGroup = D3C7C072148C48D400EA2790;
			productRefGroup = D3C7C07E148C48D400EA2790 /* Products */;
			projectDirPath = "";
			projectRoot = "";
			targets = (
				D3C7C07C148C48D400EA2790 /* Amal */,
			);
		};
/* End PBXProject section */

/* Begin PBXResourcesBuildPhase section */
		D3C7C07B148C48D400EA2790 /* Resources */ = {
			isa = PBXResourcesBuildPhase;
			buildActionMask = 2147483647;
			files = (
				D3C7C08C148C48D400EA2790 /* InfoPlist.strings in Resources */,
				D3C7C095148C48D400EA2790 /* MainStoryboard.storyboard in Resources */,
				D3C7C09A148C48D400EA2790 /* first.png in Resources */,
				D3C7C09C148C48D400EA2790 /* first@2x.png in Resources */,
				D3C7C0A1148C48D400EA2790 /* second.png in Resources */,
				D3C7C0A3148C48D400EA2790 /* second@2x.png in Resources */,
				D3C7C0B3148C95FA00EA2790 /* cameraTabBarItem.png in Resources */,
			);
			runOnlyForDeploymentPostprocessing = 0;
		};
/* End PBXResourcesBuildPhase section */

/* Begin PBXSourcesBuildPhase section */
		D3C7C079148C48D400EA2790 /* Sources */ = {
			isa = PBXSourcesBuildPhase;
			buildActionMask = 2147483647;
			files = (
				D3C7C08E148C48D400EA2790 /* main.m in Sources */,
				D3C7C092148C48D400EA2790 /* AppDelegate.m in Sources */,
				D3C7C098148C48D400EA2790 /* FirstViewController.m in Sources */,
				D3C7C09F148C48D400EA2790 /* SecondViewController.m in Sources */,
				D3C7C0AF148C881200EA2790 /* BaseViewController.m in Sources */,
			);
			runOnlyForDeploymentPostprocessing = 0;
		};
/* End PBXSourcesBuildPhase section */

/* Begin PBXVariantGroup section */
		D3C7C08A148C48D400EA2790 /* InfoPlist.strings */ = {
			isa = PBXVariantGroup;
			children = (
				D3C7C08B148C48D400EA2790 /* en */,
			);
			name = InfoPlist.strings;
			sourceTree = "<group>";
		};
		D3C7C093148C48D400EA2790 /* MainStoryboard.storyboard */ = {
			isa = PBXVariantGroup;
			children = (
				D3C7C094148C48D400EA2790 /* en */,
			);
			name = MainStoryboard.storyboard;
			sourceTree = "<group>";
		};
/* End PBXVariantGroup section */

/* Begin XCBuildConfiguration section */
		D3C7C0A4148C48D400EA2790 /* Debug */ = {
			isa = XCBuildConfiguration;
			buildSettings = {
				ALWAYS_SEARCH_USER_PATHS = NO;
				ARCHS = "$(ARCHS_STANDARD_32_BIT)";
				CLANG_ENABLE_OBJC_ARC = YES;
				"CODE_SIGN_IDENTITY[sdk=iphoneos*]" = "iPhone Developer";
				COPY_PHASE_STRIP = NO;
				GCC_C_LANGUAGE_STANDARD = gnu99;
				GCC_DYNAMIC_NO_PIC = NO;
				GCC_OPTIMIZATION_LEVEL = 0;
				GCC_PREPROCESSOR_DEFINITIONS = (
					"DEBUG=1",
					"$(inherited)",
				);
				GCC_SYMBOLS_PRIVATE_EXTERN = NO;
				GCC_VERSION = com.apple.compilers.llvm.clang.1_0;
				GCC_WARN_ABOUT_MISSING_PROTOTYPES = YES;
				GCC_WARN_ABOUT_RETURN_TYPE = YES;
				GCC_WARN_UNUSED_VARIABLE = YES;
				IPHONEOS_DEPLOYMENT_TARGET = 5.0;
				SDKROOT = iphoneos;
			};
			name = Debug;
		};
		D3C7C0A5148C48D400EA2790 /* Release */ = {
			isa = XCBuildConfiguration;
			buildSettings = {
				ALWAYS_SEARCH_USER_PATHS = NO;
				ARCHS = "$(ARCHS_STANDARD_32_BIT)";
				CLANG_ENABLE_OBJC_ARC = YES;
				"CODE_SIGN_IDENTITY[sdk=iphoneos*]" = "iPhone Developer";
				COPY_PHASE_STRIP = YES;
				GCC_C_LANGUAGE_STANDARD = gnu99;
				GCC_VERSION = com.apple.compilers.llvm.clang.1_0;
				GCC_WARN_ABOUT_MISSING_PROTOTYPES = YES;
				GCC_WARN_ABOUT_RETURN_TYPE = YES;
				GCC_WARN_UNUSED_VARIABLE = YES;
				IPHONEOS_DEPLOYMENT_TARGET = 5.0;
				OTHER_CFLAGS = "-DNS_BLOCK_ASSERTIONS=1";
				SDKROOT = iphoneos;
				VALIDATE_PRODUCT = YES;
			};
			name = Release;
		};
		D3C7C0A7148C48D400EA2790 /* Debug */ = {
			isa = XCBuildConfiguration;
			buildSettings = {
				GCC_PRECOMPILE_PREFIX_HEADER = YES;
				GCC_PREFIX_HEADER = "Amal/Amal-Prefix.pch";
				INFOPLIST_FILE = "Amal/Amal-Info.plist";
				PRODUCT_NAME = "$(TARGET_NAME)";
				WRAPPER_EXTENSION = app;
			};
			name = Debug;
		};
		D3C7C0A8148C48D400EA2790 /* Release */ = {
			isa = XCBuildConfiguration;
			buildSettings = {
				GCC_PRECOMPILE_PREFIX_HEADER = YES;
				GCC_PREFIX_HEADER = "Amal/Amal-Prefix.pch";
				INFOPLIST_FILE = "Amal/Amal-Info.plist";
				PRODUCT_NAME = "$(TARGET_NAME)";
				WRAPPER_EXTENSION = app;
			};
			name = Release;
		};
/* End XCBuildConfiguration section */

/* Begin XCConfigurationList section */
		D3C7C077148C48D400EA2790 /* Build configuration list for PBXProject "Amal" */ = {
			isa = XCConfigurationList;
			buildConfigurations = (
				D3C7C0A4148C48D400EA2790 /* Debug */,
				D3C7C0A5148C48D400EA2790 /* Release */,
			);
			defaultConfigurationIsVisible = 0;
			defaultConfigurationName = Release;
		};
		D3C7C0A6148C48D400EA2790 /* Build configuration list for PBXNativeTarget "Amal" */ = {
			isa = XCConfigurationList;
			buildConfigurations = (
				D3C7C0A7148C48D400EA2790 /* Debug */,
				D3C7C0A8148C48D400EA2790 /* Release */,
			);
			defaultConfigurationIsVisible = 0;
		};
/* End XCConfigurationList section */
	};
	rootObject = D3C7C074148C48D400EA2790 /* Project object */;
}
